
Microsoft Visual Studio Solution File, Format Version 12.00
# Visual Studio 15
VisualStudioVersion = 15.0.28010.2016
MinimumVisualStudioVersion = 10.0.40219.1
Project("{FAE04EC0-301F-11D3-BF4B-00C04F79EFBC}") = "Zadanie_3", "Zadanie_3\Zadanie_3.csproj", "{BB5F7979-4590-4402-B5BA-2067CCA3C161}"
EndProject
Global
	GlobalSection(SolutionConfigurationPlatforms) = preSolution
		Debug|Any CPU = Debug|Any CPU
		Release|Any CPU = Release|Any CPU
	EndGlobalSection
	GlobalSection(ProjectConfigurationPlatforms) = postSolution
		{BB5F7979-4590-4402-B5BA-2067CCA3C161}.Debug|Any CPU.ActiveCfg = Debug|Any CPU
		{BB5F7979-4590-4402-B5BA-2067CCA3C161}.Debug|Any CPU.Build.0 = Debug|Any CPU
		{BB5F7979-4590-4402-B5BA-2067CCA3C161}.Release|Any CPU.ActiveCfg = Release|Any CPU
		{BB5F7979-4590-4402-B5BA-2067CCA3C161}.Release|Any CPU.Build.0 = Release|Any CPU
	EndGlobalSection
	GlobalSection(SolutionProperties) = preSolution
		HideSolutionNode = FALSE
	EndGlobalSection
	GlobalSection(ExtensibilityGlobals) = postSolution
		SolutionGuid = {5050323E-0987-410C-A839-B43A7A4601EC}
	EndGlobalSection
EndGlobal
